
Microsoft Visual Studio Solution File, Format Version 12.00
# Visual Studio Version 17
VisualStudioVersion = 17.12.35527.113
MinimumVisualStudioVersion = 10.0.40219.1
Project("{2150E333-8FDC-42A3-9474-1A3956D46DE8}") = "Task0", "Task0", "{8C5859C3-A423-4BC3-8769-E7D16D49B571}"
EndProject
Project("{FAE04EC0-301F-11D3-BF4B-00C04F79EFBC}") = "Tyuiu.KirichokEV.Sprint6.Task0.V19.Lib", "Tyuiu.KirichokEV.Sprint6.Task0.V19.Lib\Tyuiu.KirichokEV.Sprint6.Task0.V19.Lib.csproj", "{F5322FE8-49E2-4FE2-83B0-5DC57FCF7A2D}"
EndProject
Project("{FAE04EC0-301F-11D3-BF4B-00C04F79EFBC}") = "Tyuiu.KirichokEV.Sprint6.Task0.V19.Test", "Tyuiu.KirichokEV.Sprint6.Task0.V19.Test\Tyuiu.KirichokEV.Sprint6.Task0.V19.Test.csproj", "{F64FA633-DA4A-4535-9DD3-731EEADEC033}"
EndProject
Project("{FAE04EC0-301F-11D3-BF4B-00C04F79EFBC}") = "Tyuiu.KirichokEV.Sprint6.Task0.V19", "Tyuiu.KirichokEV.Sprint6.Task0.V19\Tyuiu.KirichokEV.Sprint6.Task0.V19.csproj", "{390EB680-D9EA-4D2C-95BA-4E8041737FEE}"
EndProject
Project("{2150E333-8FDC-42A3-9474-1A3956D46DE8}") = "Task1", "Task1", "{DDA8BDFF-B609-48F6-8CAD-DAD35B47E5B6}"
EndProject
Project("{FAE04EC0-301F-11D3-BF4B-00C04F79EFBC}") = "Tyuiu.KirichokEV.Sprint6.Task1.V23", "Tyuiu.KirichokEV.Sprint6.Task1.V23\Tyuiu.KirichokEV.Sprint6.Task1.V23.csproj", "{97C79421-4B2B-45CA-9296-825FDABCEB4B}"
EndProject
Project("{FAE04EC0-301F-11D3-BF4B-00C04F79EFBC}") = "Tyuiu.KirichokEV.Sprint6.Task1.V23.Lib", "Tyuiu.KirichokEV.Sprint6.Task1.V23.Lib\Tyuiu.KirichokEV.Sprint6.Task1.V23.Lib.csproj", "{33C3DB20-963C-48FE-B481-97A33B753EA7}"
EndProject
Project("{FAE04EC0-301F-11D3-BF4B-00C04F79EFBC}") = "Tyuiu.KirichokEV.Sprint6.Task1.V23.Test", "Tyuiu.KirichokEV.Sprint6.Task1.V23.Test\Tyuiu.KirichokEV.Sprint6.Task1.V23.Test.csproj", "{F18749CA-13CD-4C22-9A0E-743C20E652CD}"
EndProject
Project("{2150E333-8FDC-42A3-9474-1A3956D46DE8}") = "Task2", "Task2", "{BDC87014-5FA2-4892-BE45-BD84F5B63E1C}"
EndProject
Project("{FAE04EC0-301F-11D3-BF4B-00C04F79EFBC}") = "Tyuiu.KirichokEV.Sprint6.Task2.V2", "Tyuiu.KirichokEV.Sprint6.Task2.V2\Tyuiu.KirichokEV.Sprint6.Task2.V2.csproj", "{6EAB20E7-CDDC-49F9-811D-ACA64EC02133}"
EndProject
Project("{FAE04EC0-301F-11D3-BF4B-00C04F79EFBC}") = "Tyuiu.KirichokEV.Sprint6.Task2.V2.Lib", "Tyuiu.KirichokEV.Sprint6.Task2.V2.Lib\Tyuiu.KirichokEV.Sprint6.Task2.V2.Lib.csproj", "{E8F027FE-7699-44EA-929A-E0DBBE04C3A4}"
EndProject
Project("{FAE04EC0-301F-11D3-BF4B-00C04F79EFBC}") = "Tyuiu.KirichokEV.Sprint6.Task2.V2.Test", "Tyuiu.KirichokEV.Sprint6.Task2.V2.Test\Tyuiu.KirichokEV.Sprint6.Task2.V2.Test.csproj", "{D095A10E-3474-45E1-A6DE-71F938182062}"
EndProject
Project("{2150E333-8FDC-42A3-9474-1A3956D46DE8}") = "Task3", "Task3", "{FA9EA84C-2C5A-4525-BFE7-6422869A88AD}"
EndProject
Project("{FAE04EC0-301F-11D3-BF4B-00C04F79EFBC}") = "Tyuiu.KirichokEV.Sprint6.Task3.V7", "Tyuiu.KirichokEV.Sprint6.Task3.V7\Tyuiu.KirichokEV.Sprint6.Task3.V7.csproj", "{2866D286-FB3D-435A-85D5-DF3E00454061}"
EndProject
Project("{FAE04EC0-301F-11D3-BF4B-00C04F79EFBC}") = "Tyuiu.KirichokEV.Sprint6.Task3.V7.Lib", "Tyuiu.KirichokEV.Sprint6.Task3.V7.Lib\Tyuiu.KirichokEV.Sprint6.Task3.V7.Lib.csproj", "{EE56C403-1DC3-4675-8A37-B60F27E62D01}"
EndProject
Project("{FAE04EC0-301F-11D3-BF4B-00C04F79EFBC}") = "Tyuiu.KirichokEV.Sprint6.Task3.V7.Test", "Tyuiu.KirichokEV.Sprint6.Task3.V7.Test\Tyuiu.KirichokEV.Sprint6.Task3.V7.Test.csproj", "{F9DB78A3-F5E3-49B8-9922-D1587740C1D9}"
EndProject
Global
	GlobalSection(SolutionConfigurationPlatforms) = preSolution
		Debug|Any CPU = Debug|Any CPU
		Release|Any CPU = Release|Any CPU
	EndGlobalSection
	GlobalSection(ProjectConfigurationPlatforms) = postSolution
		{F5322FE8-49E2-4FE2-83B0-5DC57FCF7A2D}.Debug|Any CPU.ActiveCfg = Debug|Any CPU
		{F5322FE8-49E2-4FE2-83B0-5DC57FCF7A2D}.Debug|Any CPU.Build.0 = Debug|Any CPU
		{F5322FE8-49E2-4FE2-83B0-5DC57FCF7A2D}.Release|Any CPU.ActiveCfg = Release|Any CPU
		{F5322FE8-49E2-4FE2-83B0-5DC57FCF7A2D}.Release|Any CPU.Build.0 = Release|Any CPU
		{F64FA633-DA4A-4535-9DD3-731EEADEC033}.Debug|Any CPU.ActiveCfg = Debug|Any CPU
		{F64FA633-DA4A-4535-9DD3-731EEADEC033}.Debug|Any CPU.Build.0 = Debug|Any CPU
		{F64FA633-DA4A-4535-9DD3-731EEADEC033}.Release|Any CPU.ActiveCfg = Release|Any CPU
		{F64FA633-DA4A-4535-9DD3-731EEADEC033}.Release|Any CPU.Build.0 = Release|Any CPU
		{390EB680-D9EA-4D2C-95BA-4E8041737FEE}.Debug|Any CPU.ActiveCfg = Debug|Any CPU
		{390EB680-D9EA-4D2C-95BA-4E8041737FEE}.Debug|Any CPU.Build.0 = Debug|Any CPU
		{390EB680-D9EA-4D2C-95BA-4E8041737FEE}.Release|Any CPU.ActiveCfg = Release|Any CPU
		{390EB680-D9EA-4D2C-95BA-4E8041737FEE}.Release|Any CPU.Build.0 = Release|Any CPU
		{97C79421-4B2B-45CA-9296-825FDABCEB4B}.Debug|Any CPU.ActiveCfg = Debug|Any CPU
		{97C79421-4B2B-45CA-9296-825FDABCEB4B}.Debug|Any CPU.Build.0 = Debug|Any CPU
		{97C79421-4B2B-45CA-9296-825FDABCEB4B}.Release|Any CPU.ActiveCfg = Release|Any CPU
		{97C79421-4B2B-45CA-9296-825FDABCEB4B}.Release|Any CPU.Build.0 = Release|Any CPU
		{33C3DB20-963C-48FE-B481-97A33B753EA7}.Debug|Any CPU.ActiveCfg = Debug|Any CPU
		{33C3DB20-963C-48FE-B481-97A33B753EA7}.Debug|Any CPU.Build.0 = Debug|Any CPU
		{33C3DB20-963C-48FE-B481-97A33B753EA7}.Release|Any CPU.ActiveCfg = Release|Any CPU
		{33C3DB20-963C-48FE-B481-97A33B753EA7}.Release|Any CPU.Build.0 = Release|Any CPU
		{F18749CA-13CD-4C22-9A0E-743C20E652CD}.Debug|Any CPU.ActiveCfg = Debug|Any CPU
		{F18749CA-13CD-4C22-9A0E-743C20E652CD}.Debug|Any CPU.Build.0 = Debug|Any CPU
		{F18749CA-13CD-4C22-9A0E-743C20E652CD}.Release|Any CPU.ActiveCfg = Release|Any CPU
		{F18749CA-13CD-4C22-9A0E-743C20E652CD}.Release|Any CPU.Build.0 = Release|Any CPU
		{6EAB20E7-CDDC-49F9-811D-ACA64EC02133}.Debug|Any CPU.ActiveCfg = Debug|Any CPU
		{6EAB20E7-CDDC-49F9-811D-ACA64EC02133}.Debug|Any CPU.Build.0 = Debug|Any CPU
		{6EAB20E7-CDDC-49F9-811D-ACA64EC02133}.Release|Any CPU.ActiveCfg = Release|Any CPU
		{6EAB20E7-CDDC-49F9-811D-ACA64EC02133}.Release|Any CPU.Build.0 = Release|Any CPU
		{E8F027FE-7699-44EA-929A-E0DBBE04C3A4}.Debug|Any CPU.ActiveCfg = Debug|Any CPU
		{E8F027FE-7699-44EA-929A-E0DBBE04C3A4}.Debug|Any CPU.Build.0 = Debug|Any CPU
		{E8F027FE-7699-44EA-929A-E0DBBE04C3A4}.Release|Any CPU.ActiveCfg = Release|Any CPU
		{E8F027FE-7699-44EA-929A-E0DBBE04C3A4}.Release|Any CPU.Build.0 = Release|Any CPU
		{D095A10E-3474-45E1-A6DE-71F938182062}.Debug|Any CPU.ActiveCfg = Debug|Any CPU
		{D095A10E-3474-45E1-A6DE-71F938182062}.Debug|Any CPU.Build.0 = Debug|Any CPU
		{D095A10E-3474-45E1-A6DE-71F938182062}.Release|Any CPU.ActiveCfg = Release|Any CPU
		{D095A10E-3474-45E1-A6DE-71F938182062}.Release|Any CPU.Build.0 = Release|Any CPU
		{2866D286-FB3D-435A-85D5-DF3E00454061}.Debug|Any CPU.ActiveCfg = Debug|Any CPU
		{2866D286-FB3D-435A-85D5-DF3E00454061}.Debug|Any CPU.Build.0 = Debug|Any CPU
		{2866D286-FB3D-435A-85D5-DF3E00454061}.Release|Any CPU.ActiveCfg = Release|Any CPU
		{2866D286-FB3D-435A-85D5-DF3E00454061}.Release|Any CPU.Build.0 = Release|Any CPU
		{EE56C403-1DC3-4675-8A37-B60F27E62D01}.Debug|Any CPU.ActiveCfg = Debug|Any CPU
		{EE56C403-1DC3-4675-8A37-B60F27E62D01}.Debug|Any CPU.Build.0 = Debug|Any CPU
		{EE56C403-1DC3-4675-8A37-B60F27E62D01}.Release|Any CPU.ActiveCfg = Release|Any CPU
		{EE56C403-1DC3-4675-8A37-B60F27E62D01}.Release|Any CPU.Build.0 = Release|Any CPU
		{F9DB78A3-F5E3-49B8-9922-D1587740C1D9}.Debug|Any CPU.ActiveCfg = Debug|Any CPU
		{F9DB78A3-F5E3-49B8-9922-D1587740C1D9}.Debug|Any CPU.Build.0 = Debug|Any CPU
		{F9DB78A3-F5E3-49B8-9922-D1587740C1D9}.Release|Any CPU.ActiveCfg = Release|Any CPU
		{F9DB78A3-F5E3-49B8-9922-D1587740C1D9}.Release|Any CPU.Build.0 = Release|Any CPU
	EndGlobalSection
	GlobalSection(SolutionProperties) = preSolution
		HideSolutionNode = FALSE
	EndGlobalSection
	GlobalSection(NestedProjects) = preSolution
		{F5322FE8-49E2-4FE2-83B0-5DC57FCF7A2D} = {8C5859C3-A423-4BC3-8769-E7D16D49B571}
		{F64FA633-DA4A-4535-9DD3-731EEADEC033} = {8C5859C3-A423-4BC3-8769-E7D16D49B571}
		{390EB680-D9EA-4D2C-95BA-4E8041737FEE} = {8C5859C3-A423-4BC3-8769-E7D16D49B571}
		{97C79421-4B2B-45CA-9296-825FDABCEB4B} = {DDA8BDFF-B609-48F6-8CAD-DAD35B47E5B6}
		{33C3DB20-963C-48FE-B481-97A33B753EA7} = {DDA8BDFF-B609-48F6-8CAD-DAD35B47E5B6}
		{F18749CA-13CD-4C22-9A0E-743C20E652CD} = {DDA8BDFF-B609-48F6-8CAD-DAD35B47E5B6}
		{6EAB20E7-CDDC-49F9-811D-ACA64EC02133} = {BDC87014-5FA2-4892-BE45-BD84F5B63E1C}
		{E8F027FE-7699-44EA-929A-E0DBBE04C3A4} = {BDC87014-5FA2-4892-BE45-BD84F5B63E1C}
		{D095A10E-3474-45E1-A6DE-71F938182062} = {BDC87014-5FA2-4892-BE45-BD84F5B63E1C}
		{2866D286-FB3D-435A-85D5-DF3E00454061} = {FA9EA84C-2C5A-4525-BFE7-6422869A88AD}
		{F9DB78A3-F5E3-49B8-9922-D1587740C1D9} = {FA9EA84C-2C5A-4525-BFE7-6422869A88AD}
	EndGlobalSection
EndGlobal
